
Microsoft Visual Studio Solution File, Format Version 12.00
# Visual Studio Version 17
VisualStudioVersion = 17.7.34031.279
MinimumVisualStudioVersion = 10.0.40219.1
Project("{8BC9CEB8-8B4A-11D0-8D11-00A0C91BC942}") = "Lab 20 - Chair Maker 3000", "Lab 20 - Chair Maker 3000.vcxproj", "{6E08213B-5BD7-4DE0-8371-4C446715C726}"
EndProject
Global
	GlobalSection(SolutionConfigurationPlatforms) = preSolution
		Debug|x64 = Debug|x64
		Debug|x86 = Debug|x86
		Release|x64 = Release|x64
		Release|x86 = Release|x86
	EndGlobalSection
	GlobalSection(ProjectConfigurationPlatforms) = postSolution
		{6E08213B-5BD7-4DE0-8371-4C446715C726}.Debug|x64.ActiveCfg = Debug|x64
		{6E08213B-5BD7-4DE0-8371-4C446715C726}.Debug|x64.Build.0 = Debug|x64
		{6E08213B-5BD7-4DE0-8371-4C446715C726}.Debug|x86.ActiveCfg = Debug|Win32
		{6E08213B-5BD7-4DE0-8371-4C446715C726}.Debug|x86.Build.0 = Debug|Win32
		{6E08213B-5BD7-4DE0-8371-4C446715C726}.Release|x64.ActiveCfg = Release|x64
		{6E08213B-5BD7-4DE0-8371-4C446715C726}.Release|x64.Build.0 = Release|x64
		{6E08213B-5BD7-4DE0-8371-4C446715C726}.Release|x86.ActiveCfg = Release|Win32
		{6E08213B-5BD7-4DE0-8371-4C446715C726}.Release|x86.Build.0 = Release|Win32
	EndGlobalSection
	GlobalSection(SolutionProperties) = preSolution
		HideSolutionNode = FALSE
	EndGlobalSection
	GlobalSection(ExtensibilityGlobals) = postSolution
		SolutionGuid = {C756DAC1-9F6F-44BE-883F-2424FAFDC48C}
	EndGlobalSection
EndGlobal
